
Microsoft Visual Studio Solution File, Format Version 12.00
# Visual Studio Version 17
VisualStudioVersion = 17.9.34622.214
MinimumVisualStudioVersion = 10.0.40219.1
Project("{FAE04EC0-301F-11D3-BF4B-00C04F79EFBC}") = "MutantsAnomalyParser", "MutantsAnomalyParser\MutantsAnomalyParser.csproj", "{CBD734B1-1E8E-41CC-B408-0DFD8CC9E245}"
EndProject
Global
	GlobalSection(SolutionConfigurationPlatforms) = preSolution
		Debug|Any CPU = Debug|Any CPU
		Release|Any CPU = Release|Any CPU
	EndGlobalSection
	GlobalSection(ProjectConfigurationPlatforms) = postSolution
		{CBD734B1-1E8E-41CC-B408-0DFD8CC9E245}.Debug|Any CPU.ActiveCfg = Debug|Any CPU
		{CBD734B1-1E8E-41CC-B408-0DFD8CC9E245}.Debug|Any CPU.Build.0 = Debug|Any CPU
		{CBD734B1-1E8E-41CC-B408-0DFD8CC9E245}.Release|Any CPU.ActiveCfg = Release|Any CPU
		{CBD734B1-1E8E-41CC-B408-0DFD8CC9E245}.Release|Any CPU.Build.0 = Release|Any CPU
	EndGlobalSection
	GlobalSection(SolutionProperties) = preSolution
		HideSolutionNode = FALSE
	EndGlobalSection
	GlobalSection(ExtensibilityGlobals) = postSolution
		SolutionGuid = {173474BC-B38D-4F37-8B36-BAD55EC1A3F8}
	EndGlobalSection
EndGlobal
